
Microsoft Visual Studio Solution File, Format Version 12.00
Project("{2150E333-8FDC-42A3-9474-1A3956D46DE8}") = "src", "src", "{09DC0A70-E7BE-44CA-BD15-B8CC106B532B}"
EndProject
Project("{2150E333-8FDC-42A3-9474-1A3956D46DE8}") = "tests", "tests", "{95CBCD48-1306-48EF-939F-7E293B2EDB06}"
EndProject
Project("{FAE04EC0-301F-11D3-BF4B-00C04F79EFBC}") = "AdventOfCode.Common", "src\AdventOfCode.Common\AdventOfCode.Common.csproj", "{1BE34B52-8A52-47B8-8882-478FAACDCA62}"
EndProject
Project("{FAE04EC0-301F-11D3-BF4B-00C04F79EFBC}") = "AdventOfCode.Day1", "src\AdventOfCode.Day1\AdventOfCode.Day1.csproj", "{1A73CDB4-D998-4773-919C-39AE1C15AD13}"
EndProject
Project("{FAE04EC0-301F-11D3-BF4B-00C04F79EFBC}") = "AdventOfCode.Day1.Tests", "tests\AdventOfCode.Day1.Tests\AdventOfCode.Day1.Tests.csproj", "{14B055D9-10B7-4E01-BAEA-D658CDFEA49C}"
EndProject
Project("{FAE04EC0-301F-11D3-BF4B-00C04F79EFBC}") = "AdventOfCode.Day2", "src\AdventOfCode.Day2\AdventOfCode.Day2.csproj", "{557E45CC-DBA1-4CDD-9162-7EE06C2DC607}"
EndProject
Project("{FAE04EC0-301F-11D3-BF4B-00C04F79EFBC}") = "AdventOfCode.Day2.Tests", "tests\AdventOfCode.Day2.Tests\AdventOfCode.Day2.Tests.csproj", "{B8EBAF33-3591-4C42-B1AF-6D59610189F7}"
EndProject
Project("{FAE04EC0-301F-11D3-BF4B-00C04F79EFBC}") = "AdventOfCode.Day3", "src\AdventOfCode.Day3\AdventOfCode.Day3.csproj", "{72CCA73F-8396-4E80-BDF3-1350B588ED48}"
EndProject
Project("{FAE04EC0-301F-11D3-BF4B-00C04F79EFBC}") = "AdventOfCode.Day3.Tests", "tests\AdventOfCode.Day3.Tests\AdventOfCode.Day3.Tests.csproj", "{5F63B75B-1015-4438-AE04-370723A049DE}"
EndProject
Project("{FAE04EC0-301F-11D3-BF4B-00C04F79EFBC}") = "AdventOfCode.Day4", "src\AdventOfCode.Day4\AdventOfCode.Day4.csproj", "{03C22698-EFD1-47E8-9A4D-1DF8DEC83BF7}"
EndProject
Project("{FAE04EC0-301F-11D3-BF4B-00C04F79EFBC}") = "AdventOfCode.Day4.Tests", "tests\AdventOfCode.Day4.Tests\AdventOfCode.Day4.Tests.csproj", "{709EE791-17D5-4A81-8BFD-3B32470FB255}"
EndProject
Global
	GlobalSection(SolutionConfigurationPlatforms) = preSolution
		Debug|Any CPU = Debug|Any CPU
		Release|Any CPU = Release|Any CPU
	EndGlobalSection
	GlobalSection(NestedProjects) = preSolution
		{1BE34B52-8A52-47B8-8882-478FAACDCA62} = {09DC0A70-E7BE-44CA-BD15-B8CC106B532B}
		{1A73CDB4-D998-4773-919C-39AE1C15AD13} = {09DC0A70-E7BE-44CA-BD15-B8CC106B532B}
		{14B055D9-10B7-4E01-BAEA-D658CDFEA49C} = {95CBCD48-1306-48EF-939F-7E293B2EDB06}
		{557E45CC-DBA1-4CDD-9162-7EE06C2DC607} = {09DC0A70-E7BE-44CA-BD15-B8CC106B532B}
		{B8EBAF33-3591-4C42-B1AF-6D59610189F7} = {95CBCD48-1306-48EF-939F-7E293B2EDB06}
		{72CCA73F-8396-4E80-BDF3-1350B588ED48} = {09DC0A70-E7BE-44CA-BD15-B8CC106B532B}
		{5F63B75B-1015-4438-AE04-370723A049DE} = {95CBCD48-1306-48EF-939F-7E293B2EDB06}
		{03C22698-EFD1-47E8-9A4D-1DF8DEC83BF7} = {09DC0A70-E7BE-44CA-BD15-B8CC106B532B}
		{709EE791-17D5-4A81-8BFD-3B32470FB255} = {95CBCD48-1306-48EF-939F-7E293B2EDB06}
	EndGlobalSection
	GlobalSection(ProjectConfigurationPlatforms) = postSolution
		{1BE34B52-8A52-47B8-8882-478FAACDCA62}.Debug|Any CPU.ActiveCfg = Debug|Any CPU
		{1BE34B52-8A52-47B8-8882-478FAACDCA62}.Debug|Any CPU.Build.0 = Debug|Any CPU
		{1BE34B52-8A52-47B8-8882-478FAACDCA62}.Release|Any CPU.ActiveCfg = Release|Any CPU
		{1BE34B52-8A52-47B8-8882-478FAACDCA62}.Release|Any CPU.Build.0 = Release|Any CPU
		{1A73CDB4-D998-4773-919C-39AE1C15AD13}.Debug|Any CPU.ActiveCfg = Debug|Any CPU
		{1A73CDB4-D998-4773-919C-39AE1C15AD13}.Debug|Any CPU.Build.0 = Debug|Any CPU
		{1A73CDB4-D998-4773-919C-39AE1C15AD13}.Release|Any CPU.ActiveCfg = Release|Any CPU
		{1A73CDB4-D998-4773-919C-39AE1C15AD13}.Release|Any CPU.Build.0 = Release|Any CPU
		{14B055D9-10B7-4E01-BAEA-D658CDFEA49C}.Debug|Any CPU.ActiveCfg = Debug|Any CPU
		{14B055D9-10B7-4E01-BAEA-D658CDFEA49C}.Debug|Any CPU.Build.0 = Debug|Any CPU
		{14B055D9-10B7-4E01-BAEA-D658CDFEA49C}.Release|Any CPU.ActiveCfg = Release|Any CPU
		{14B055D9-10B7-4E01-BAEA-D658CDFEA49C}.Release|Any CPU.Build.0 = Release|Any CPU
		{557E45CC-DBA1-4CDD-9162-7EE06C2DC607}.Debug|Any CPU.ActiveCfg = Debug|Any CPU
		{557E45CC-DBA1-4CDD-9162-7EE06C2DC607}.Debug|Any CPU.Build.0 = Debug|Any CPU
		{557E45CC-DBA1-4CDD-9162-7EE06C2DC607}.Release|Any CPU.ActiveCfg = Release|Any CPU
		{557E45CC-DBA1-4CDD-9162-7EE06C2DC607}.Release|Any CPU.Build.0 = Release|Any CPU
		{B8EBAF33-3591-4C42-B1AF-6D59610189F7}.Debug|Any CPU.ActiveCfg = Debug|Any CPU
		{B8EBAF33-3591-4C42-B1AF-6D59610189F7}.Debug|Any CPU.Build.0 = Debug|Any CPU
		{B8EBAF33-3591-4C42-B1AF-6D59610189F7}.Release|Any CPU.ActiveCfg = Release|Any CPU
		{B8EBAF33-3591-4C42-B1AF-6D59610189F7}.Release|Any CPU.Build.0 = Release|Any CPU
		{72CCA73F-8396-4E80-BDF3-1350B588ED48}.Debug|Any CPU.ActiveCfg = Debug|Any CPU
		{72CCA73F-8396-4E80-BDF3-1350B588ED48}.Debug|Any CPU.Build.0 = Debug|Any CPU
		{72CCA73F-8396-4E80-BDF3-1350B588ED48}.Release|Any CPU.ActiveCfg = Release|Any CPU
		{72CCA73F-8396-4E80-BDF3-1350B588ED48}.Release|Any CPU.Build.0 = Release|Any CPU
		{5F63B75B-1015-4438-AE04-370723A049DE}.Debug|Any CPU.ActiveCfg = Debug|Any CPU
		{5F63B75B-1015-4438-AE04-370723A049DE}.Debug|Any CPU.Build.0 = Debug|Any CPU
		{5F63B75B-1015-4438-AE04-370723A049DE}.Release|Any CPU.ActiveCfg = Release|Any CPU
		{5F63B75B-1015-4438-AE04-370723A049DE}.Release|Any CPU.Build.0 = Release|Any CPU
		{03C22698-EFD1-47E8-9A4D-1DF8DEC83BF7}.Debug|Any CPU.ActiveCfg = Debug|Any CPU
		{03C22698-EFD1-47E8-9A4D-1DF8DEC83BF7}.Debug|Any CPU.Build.0 = Debug|Any CPU
		{03C22698-EFD1-47E8-9A4D-1DF8DEC83BF7}.Release|Any CPU.ActiveCfg = Release|Any CPU
		{03C22698-EFD1-47E8-9A4D-1DF8DEC83BF7}.Release|Any CPU.Build.0 = Release|Any CPU
		{709EE791-17D5-4A81-8BFD-3B32470FB255}.Debug|Any CPU.ActiveCfg = Debug|Any CPU
		{709EE791-17D5-4A81-8BFD-3B32470FB255}.Debug|Any CPU.Build.0 = Debug|Any CPU
		{709EE791-17D5-4A81-8BFD-3B32470FB255}.Release|Any CPU.ActiveCfg = Release|Any CPU
		{709EE791-17D5-4A81-8BFD-3B32470FB255}.Release|Any CPU.Build.0 = Release|Any CPU
	EndGlobalSection
EndGlobal
